{
  "name": "consumer",
  "version": "1.0.0",
  "lockfileVersion": 2,
  "requires": true,
  "packages": {
    "": {
      "name": "consumer",
      "version": "1.0.0",
      "license": "ISC",
      "dependencies": {
        "dotenv": "^16.0.3",
        "kafkajs": "^2.2.3"
      }
    },
    "node_modules/dotenv": {
      "version": "16.0.3",
      "resolved": "https://registry.npmjs.org/dotenv/-/dotenv-16.0.3.tgz",
      "integrity": "sha512-7GO6HghkA5fYG9TYnNxi14/7K9f5occMlp3zXAuSxn7CKCxt9xbNWG7yF8hTCSUchlfWSe3uLmlPfigevRItzQ==",
      "engines": {
        "node": ">=12"
      }
    },
    "node_modules/kafkajs": {
      "version": "2.2.3",
      "resolved": "https://registry.npmjs.org/kafkajs/-/kafkajs-2.2.3.tgz",
      "integrity": "sha512-JmzIiLHE/TdQ7b4I2B/DNMtfhTh66fmEaEg7gGkyQXBC6f1A7I2jSjeUsVIJfC8d9YcEIURyBjtOEKBO5OHVhg==",
      "engines": {
        "node": ">=14.0.0"
      }
    }
  },
  "dependencies": {
    "dotenv": {
      "version": "16.0.3",
      "resolved": "https://registry.npmjs.org/dotenv/-/dotenv-16.0.3.tgz",
      "integrity": "sha512-7GO6HghkA5fYG9TYnNxi14/7K9f5occMlp3zXAuSxn7CKCxt9xbNWG7yF8hTCSUchlfWSe3uLmlPfigevRItzQ=="
    },
    "kafkajs": {
      "version": "2.2.3",
      "resolved": "https://registry.npmjs.org/kafkajs/-/kafkajs-2.2.3.tgz",
      "integrity": "sha512-JmzIiLHE/TdQ7b4I2B/DNMtfhTh66fmEaEg7gGkyQXBC6f1A7I2jSjeUsVIJfC8d9YcEIURyBjtOEKBO5OHVhg=="
    }
  }
}
